
Microsoft Visual Studio Solution File, Format Version 12.00
# Visual Studio Version 17
VisualStudioVersion = 17.14.36623.8 d17.14
MinimumVisualStudioVersion = 10.0.40219.1
Project("{FAE04EC0-301F-11D3-BF4B-00C04F79EFBC}") = "OgrenciNotSistemi", "OgrenciNotSistemi\OgrenciNotSistemi.csproj", "{380C1790-2AE1-4F3E-A558-1933791E0F61}"
EndProject
Global
	GlobalSection(SolutionConfigurationPlatforms) = preSolution
		Debug|Any CPU = Debug|Any CPU
		Release|Any CPU = Release|Any CPU
	EndGlobalSection
	GlobalSection(ProjectConfigurationPlatforms) = postSolution
		{380C1790-2AE1-4F3E-A558-1933791E0F61}.Debug|Any CPU.ActiveCfg = Debug|Any CPU
		{380C1790-2AE1-4F3E-A558-1933791E0F61}.Debug|Any CPU.Build.0 = Debug|Any CPU
		{380C1790-2AE1-4F3E-A558-1933791E0F61}.Release|Any CPU.ActiveCfg = Release|Any CPU
		{380C1790-2AE1-4F3E-A558-1933791E0F61}.Release|Any CPU.Build.0 = Release|Any CPU
	EndGlobalSection
	GlobalSection(SolutionProperties) = preSolution
		HideSolutionNode = FALSE
	EndGlobalSection
	GlobalSection(ExtensibilityGlobals) = postSolution
		SolutionGuid = {0F9430EE-C1D5-45C3-B493-F7F151D47D48}
	EndGlobalSection
EndGlobal
